
Microsoft Visual Studio Solution File, Format Version 12.00
# Visual Studio 15
VisualStudioVersion = 15.0.28010.2036
MinimumVisualStudioVersion = 10.0.40219.1
Project("{FAE04EC0-301F-11D3-BF4B-00C04F79EFBC}") = "Netflucks", "Netflucks\Netflucks.csproj", "{018FF2A9-5C43-4B74-8972-A2EE5A4719BF}"
EndProject
Global
	GlobalSection(SolutionConfigurationPlatforms) = preSolution
		Debug|Any CPU = Debug|Any CPU
		Release|Any CPU = Release|Any CPU
	EndGlobalSection
	GlobalSection(ProjectConfigurationPlatforms) = postSolution
		{018FF2A9-5C43-4B74-8972-A2EE5A4719BF}.Debug|Any CPU.ActiveCfg = Debug|Any CPU
		{018FF2A9-5C43-4B74-8972-A2EE5A4719BF}.Debug|Any CPU.Build.0 = Debug|Any CPU
		{018FF2A9-5C43-4B74-8972-A2EE5A4719BF}.Release|Any CPU.ActiveCfg = Release|Any CPU
		{018FF2A9-5C43-4B74-8972-A2EE5A4719BF}.Release|Any CPU.Build.0 = Release|Any CPU
	EndGlobalSection
	GlobalSection(SolutionProperties) = preSolution
		HideSolutionNode = FALSE
	EndGlobalSection
	GlobalSection(ExtensibilityGlobals) = postSolution
		SolutionGuid = {20575C91-5A31-47E2-9F25-69E0166125B6}
	EndGlobalSection
EndGlobal
